{
  "version": "2",
  "remote": {
    "https://deno.land/x/eta@v3.0.3/src/compile-string.ts": "e919c1a5e2cf460dbbd93047ab3548a630e5eb5c7fa019335c08e95b50e86cd7",
    "https://deno.land/x/eta@v3.0.3/src/compile.ts": "146782227ddd5c423d07dedb2be40a2a5643c7429d9a3af5ac9a79c21bf7ae95",
    "https://deno.land/x/eta@v3.0.3/src/config.ts": "7e2971ba3ec4b31b5f1ae0ea71957f0a2b868285192be77836d65ca27adb4f90",
    "https://deno.land/x/eta@v3.0.3/src/core.ts": "53a9a10c8fc06ce88155a125ffb7db724afb7b4e16d6f646b20a29f27baa2cdf",
    "https://deno.land/x/eta@v3.0.3/src/err.ts": "e9732b5f7fe729fed9d67868ff7d87ef1002d45d0a8a4e8f7fb1fa9ec2e2d50b",
    "https://deno.land/x/eta@v3.0.3/src/file-handling.ts": "ac54a84c4e73f47629d69725b8557080caf4e03cf34413b4a2a3f3a10c0abb25",
    "https://deno.land/x/eta@v3.0.3/src/index.ts": "fa1e18db556462293408c7a455b05b5253aae460c97811f88bb023cdc3f95f62",
    "https://deno.land/x/eta@v3.0.3/src/parse.ts": "8cb25b4ccf58ea7f08fe9835f7eb8bf45917d6d743d28d1e25cadc9fc908cb32",
    "https://deno.land/x/eta@v3.0.3/src/render.ts": "bfd57548d5fdae11c1c1683ff748783c1f85be3db3c24fcc80ce915692b004dd",
    "https://deno.land/x/eta@v3.0.3/src/storage.ts": "c40bd31cdd6f1218c86f70067282709e2f2c7fa7eea67547be950e1ed5d4bd4c",
    "https://deno.land/x/eta@v3.0.3/src/utils.ts": "1994c8d228195558fb6785fb00a97cf21a457df598a6ab1945170f7a4b7f00d9",
    "https://deno.land/x/sleep@v1.3.0/mod.ts": "e9955ecd3228a000e29d46726cd6ab14b65cf83904e9b365f3a8d64ec61c1af3",
    "https://deno.land/x/sleep@v1.3.0/sleep.ts": "b6abaca093b094b0c2bba94f287b19a60946a8d15764d168f83fcf555f5bb59e"
  },
  "npm": {
    "specifiers": {
      "fluent-ffmpeg": "fluent-ffmpeg@2.1.2"
    },
    "packages": {
      "async@3.2.5": {
        "integrity": "sha512-baNZyqaaLhyLVKm/DlvdW051MSgO6b8eVfIezl9E5PqWxFgzLm/wQntEW4zOytVburDEr0JlALEpdOFwvErLsg==",
        "dependencies": {}
      },
      "fluent-ffmpeg@2.1.2": {
        "integrity": "sha512-IZTB4kq5GK0DPp7sGQ0q/BWurGHffRtQQwVkiqDgeO6wYJLLV5ZhgNOQ65loZxxuPMKZKZcICCUnaGtlxBiR0Q==",
        "dependencies": {
          "async": "async@3.2.5",
          "which": "which@1.3.1"
        }
      },
      "isexe@2.0.0": {
        "integrity": "sha512-RHxMLp9lnKHGHRng9QFhRCMbYAcVpn69smSGcq3f36xjgVVWThj4qqLbTLlq7Ssj8B+fIQ1EuCEGI2lKsyQeIw==",
        "dependencies": {}
      },
      "which@1.3.1": {
        "integrity": "sha512-HxJdYWq1MTIQbJ3nw0cqssHoTNU267KlrDuGZ1WYlxDStUtKUhOaJmh112/TZmHxxUfuJqPXSOm7tDyas0OSIQ==",
        "dependencies": {
          "isexe": "isexe@2.0.0"
        }
      }
    }
  }
}
